
Microsoft Visual Studio Solution File, Format Version 12.00
# Visual Studio Version 16
VisualStudioVersion = 16.0.29418.71
MinimumVisualStudioVersion = 10.0.40219.1
Project("{9A19103F-16F7-4668-BE54-9A1E7A4F7556}") = "ServerApp", "ServerApp\ServerApp.csproj", "{E87A74CE-4A69-4653-AAB0-30E7F520BB92}"
EndProject
Project("{E24C65DC-7377-472B-9ABA-BC803B73C61A}") = "ClientApp", "ClientApp\", "{FC6BB7A1-6188-41E5-B706-1B3C7859D90E}"
	ProjectSection(WebsiteProperties) = preProject
		TargetFrameworkMoniker = ".NETFramework,Version%3Dv4.0"
		Debug.AspNetCompiler.VirtualPath = "/localhost_2891"
		Debug.AspNetCompiler.PhysicalPath = "ClientApp\"
		Debug.AspNetCompiler.TargetPath = "PrecompiledWeb\localhost_2891\"
		Debug.AspNetCompiler.Updateable = "true"
		Debug.AspNetCompiler.ForceOverwrite = "true"
		Debug.AspNetCompiler.FixedNames = "false"
		Debug.AspNetCompiler.Debug = "True"
		Release.AspNetCompiler.VirtualPath = "/localhost_2891"
		Release.AspNetCompiler.PhysicalPath = "ClientApp\"
		Release.AspNetCompiler.TargetPath = "PrecompiledWeb\localhost_2891\"
		Release.AspNetCompiler.Updateable = "true"
		Release.AspNetCompiler.ForceOverwrite = "true"
		Release.AspNetCompiler.FixedNames = "false"
		Release.AspNetCompiler.Debug = "False"
		VWDPort = "2891"
		SlnRelativePath = "ClientApp\"
	EndProjectSection
EndProject
Project("{9A19103F-16F7-4668-BE54-9A1E7A4F7556}") = "BlazorApp", "BlazorApp\BlazorApp.csproj", "{6EB4EC70-DCAC-417D-8A02-5282FBA3703D}"
EndProject
Global
	GlobalSection(SolutionConfigurationPlatforms) = preSolution
		Debug|Any CPU = Debug|Any CPU
		Release|Any CPU = Release|Any CPU
	EndGlobalSection
	GlobalSection(ProjectConfigurationPlatforms) = postSolution
		{E87A74CE-4A69-4653-AAB0-30E7F520BB92}.Debug|Any CPU.ActiveCfg = Debug|Any CPU
		{E87A74CE-4A69-4653-AAB0-30E7F520BB92}.Debug|Any CPU.Build.0 = Debug|Any CPU
		{E87A74CE-4A69-4653-AAB0-30E7F520BB92}.Release|Any CPU.ActiveCfg = Release|Any CPU
		{E87A74CE-4A69-4653-AAB0-30E7F520BB92}.Release|Any CPU.Build.0 = Release|Any CPU
		{FC6BB7A1-6188-41E5-B706-1B3C7859D90E}.Debug|Any CPU.ActiveCfg = Debug|Any CPU
		{FC6BB7A1-6188-41E5-B706-1B3C7859D90E}.Debug|Any CPU.Build.0 = Debug|Any CPU
		{FC6BB7A1-6188-41E5-B706-1B3C7859D90E}.Release|Any CPU.ActiveCfg = Debug|Any CPU
		{FC6BB7A1-6188-41E5-B706-1B3C7859D90E}.Release|Any CPU.Build.0 = Debug|Any CPU
		{6EB4EC70-DCAC-417D-8A02-5282FBA3703D}.Debug|Any CPU.ActiveCfg = Debug|Any CPU
		{6EB4EC70-DCAC-417D-8A02-5282FBA3703D}.Debug|Any CPU.Build.0 = Debug|Any CPU
		{6EB4EC70-DCAC-417D-8A02-5282FBA3703D}.Release|Any CPU.ActiveCfg = Release|Any CPU
		{6EB4EC70-DCAC-417D-8A02-5282FBA3703D}.Release|Any CPU.Build.0 = Release|Any CPU
	EndGlobalSection
	GlobalSection(SolutionProperties) = preSolution
		HideSolutionNode = FALSE
	EndGlobalSection
	GlobalSection(ExtensibilityGlobals) = postSolution
		SolutionGuid = {A0B316DF-1992-47C3-8888-BAB7155D60C6}
	EndGlobalSection
EndGlobal
